
Microsoft Visual Studio Solution File, Format Version 12.00
# Visual Studio 14
VisualStudioVersion = 14.0.25420.1
MinimumVisualStudioVersion = 10.0.40219.1
Project("{FAE04EC0-301F-11D3-BF4B-00C04F79EFBC}") = "SlaughterChargeMS", "SlaughterChargeMS\SlaughterChargeMS.csproj", "{2623D234-A953-49DA-85F1-2319BAAACE2E}"
EndProject
Project("{FAE04EC0-301F-11D3-BF4B-00C04F79EFBC}") = "CommonModel", "CommonModel\CommonModel.csproj", "{0B13CB21-F296-4EAD-96B5-E7D786714DA4}"
EndProject
Project("{FAE04EC0-301F-11D3-BF4B-00C04F79EFBC}") = "MSBLL", "MSBLL\MSBLL.csproj", "{017C69EA-48B6-4D87-961D-81F33E523EBB}"
EndProject
Project("{FAE04EC0-301F-11D3-BF4B-00C04F79EFBC}") = "MSIBLL", "MSIBLL\MSIBLL.csproj", "{3B6DEF4D-179F-469B-AD27-381C89886F92}"
EndProject
Project("{FAE04EC0-301F-11D3-BF4B-00C04F79EFBC}") = "MSIDAL", "MSIDAL\MSIDAL.csproj", "{A1628309-554E-4F03-967A-70AC52DDA5CF}"
EndProject
Project("{FAE04EC0-301F-11D3-BF4B-00C04F79EFBC}") = "MSDAL", "MSDAL\MSDAL.csproj", "{2382EEF8-AC12-4AB0-A25A-5500DE074884}"
EndProject
Project("{FAE04EC0-301F-11D3-BF4B-00C04F79EFBC}") = "SlaughterChargeMS.Utility", "Utility\SlaughterChargeMS.Utility.csproj", "{7CD08E71-8F7B-43BC-A9C3-D4883D96BDDD}"
EndProject
Project("{2150E333-8FDC-42A3-9474-1A3956D46DE8}") = "Interface", "Interface", "{9C595679-3C97-401F-BCDD-D63573EF7D0F}"
EndProject
Project("{2150E333-8FDC-42A3-9474-1A3956D46DE8}") = "Implement", "Implement", "{1233EDA2-969B-45B1-A603-767018721F40}"
EndProject
Global
	GlobalSection(SolutionConfigurationPlatforms) = preSolution
		Debug|Any CPU = Debug|Any CPU
		Release|Any CPU = Release|Any CPU
	EndGlobalSection
	GlobalSection(ProjectConfigurationPlatforms) = postSolution
		{2623D234-A953-49DA-85F1-2319BAAACE2E}.Debug|Any CPU.ActiveCfg = Debug|Any CPU
		{2623D234-A953-49DA-85F1-2319BAAACE2E}.Debug|Any CPU.Build.0 = Debug|Any CPU
		{2623D234-A953-49DA-85F1-2319BAAACE2E}.Release|Any CPU.ActiveCfg = Release|Any CPU
		{2623D234-A953-49DA-85F1-2319BAAACE2E}.Release|Any CPU.Build.0 = Release|Any CPU
		{0B13CB21-F296-4EAD-96B5-E7D786714DA4}.Debug|Any CPU.ActiveCfg = Debug|Any CPU
		{0B13CB21-F296-4EAD-96B5-E7D786714DA4}.Debug|Any CPU.Build.0 = Debug|Any CPU
		{0B13CB21-F296-4EAD-96B5-E7D786714DA4}.Release|Any CPU.ActiveCfg = Release|Any CPU
		{0B13CB21-F296-4EAD-96B5-E7D786714DA4}.Release|Any CPU.Build.0 = Release|Any CPU
		{017C69EA-48B6-4D87-961D-81F33E523EBB}.Debug|Any CPU.ActiveCfg = Debug|Any CPU
		{017C69EA-48B6-4D87-961D-81F33E523EBB}.Debug|Any CPU.Build.0 = Debug|Any CPU
		{017C69EA-48B6-4D87-961D-81F33E523EBB}.Release|Any CPU.ActiveCfg = Release|Any CPU
		{017C69EA-48B6-4D87-961D-81F33E523EBB}.Release|Any CPU.Build.0 = Release|Any CPU
		{3B6DEF4D-179F-469B-AD27-381C89886F92}.Debug|Any CPU.ActiveCfg = Debug|Any CPU
		{3B6DEF4D-179F-469B-AD27-381C89886F92}.Debug|Any CPU.Build.0 = Debug|Any CPU
		{3B6DEF4D-179F-469B-AD27-381C89886F92}.Release|Any CPU.ActiveCfg = Release|Any CPU
		{3B6DEF4D-179F-469B-AD27-381C89886F92}.Release|Any CPU.Build.0 = Release|Any CPU
		{A1628309-554E-4F03-967A-70AC52DDA5CF}.Debug|Any CPU.ActiveCfg = Debug|Any CPU
		{A1628309-554E-4F03-967A-70AC52DDA5CF}.Debug|Any CPU.Build.0 = Debug|Any CPU
		{A1628309-554E-4F03-967A-70AC52DDA5CF}.Release|Any CPU.ActiveCfg = Release|Any CPU
		{A1628309-554E-4F03-967A-70AC52DDA5CF}.Release|Any CPU.Build.0 = Release|Any CPU
		{2382EEF8-AC12-4AB0-A25A-5500DE074884}.Debug|Any CPU.ActiveCfg = Debug|Any CPU
		{2382EEF8-AC12-4AB0-A25A-5500DE074884}.Debug|Any CPU.Build.0 = Debug|Any CPU
		{2382EEF8-AC12-4AB0-A25A-5500DE074884}.Release|Any CPU.ActiveCfg = Release|Any CPU
		{2382EEF8-AC12-4AB0-A25A-5500DE074884}.Release|Any CPU.Build.0 = Release|Any CPU
		{7CD08E71-8F7B-43BC-A9C3-D4883D96BDDD}.Debug|Any CPU.ActiveCfg = Debug|Any CPU
		{7CD08E71-8F7B-43BC-A9C3-D4883D96BDDD}.Debug|Any CPU.Build.0 = Debug|Any CPU
		{7CD08E71-8F7B-43BC-A9C3-D4883D96BDDD}.Release|Any CPU.ActiveCfg = Release|Any CPU
		{7CD08E71-8F7B-43BC-A9C3-D4883D96BDDD}.Release|Any CPU.Build.0 = Release|Any CPU
	EndGlobalSection
	GlobalSection(SolutionProperties) = preSolution
		HideSolutionNode = FALSE
	EndGlobalSection
	GlobalSection(NestedProjects) = preSolution
		{017C69EA-48B6-4D87-961D-81F33E523EBB} = {1233EDA2-969B-45B1-A603-767018721F40}
		{3B6DEF4D-179F-469B-AD27-381C89886F92} = {9C595679-3C97-401F-BCDD-D63573EF7D0F}
		{A1628309-554E-4F03-967A-70AC52DDA5CF} = {9C595679-3C97-401F-BCDD-D63573EF7D0F}
		{2382EEF8-AC12-4AB0-A25A-5500DE074884} = {1233EDA2-969B-45B1-A603-767018721F40}
	EndGlobalSection
EndGlobal
